
Microsoft Visual Studio Solution File, Format Version 12.00
# Visual Studio Version 16
VisualStudioVersion = 16.0.30907.101
MinimumVisualStudioVersion = 10.0.40219.1
Project("{9A19103F-16F7-4668-BE54-9A1E7A4F7556}") = "FindHouse.Business", "src\FindHouse.Business\FindHouse.Business.csproj", "{CE321346-8529-406A-8B5E-CCEB04F88664}"
EndProject
Project("{9A19103F-16F7-4668-BE54-9A1E7A4F7556}") = "FindHouse.Data", "src\FindHouse.Data\FindHouse.Data.csproj", "{F071B402-D5BB-4775-AD97-E103A36EFB6D}"
EndProject
Project("{FAE04EC0-301F-11D3-BF4B-00C04F79EFBC}") = "FindHouse.API", "src\FindHouse.API\FindHouse.API.csproj", "{6E2A9B1B-DE0A-4C20-910B-B993BB7477D4}"
EndProject
Global
	GlobalSection(SolutionConfigurationPlatforms) = preSolution
		Debug|Any CPU = Debug|Any CPU
		Release|Any CPU = Release|Any CPU
	EndGlobalSection
	GlobalSection(ProjectConfigurationPlatforms) = postSolution
		{CE321346-8529-406A-8B5E-CCEB04F88664}.Debug|Any CPU.ActiveCfg = Debug|Any CPU
		{CE321346-8529-406A-8B5E-CCEB04F88664}.Debug|Any CPU.Build.0 = Debug|Any CPU
		{CE321346-8529-406A-8B5E-CCEB04F88664}.Release|Any CPU.ActiveCfg = Release|Any CPU
		{CE321346-8529-406A-8B5E-CCEB04F88664}.Release|Any CPU.Build.0 = Release|Any CPU
		{F071B402-D5BB-4775-AD97-E103A36EFB6D}.Debug|Any CPU.ActiveCfg = Debug|Any CPU
		{F071B402-D5BB-4775-AD97-E103A36EFB6D}.Debug|Any CPU.Build.0 = Debug|Any CPU
		{F071B402-D5BB-4775-AD97-E103A36EFB6D}.Release|Any CPU.ActiveCfg = Release|Any CPU
		{F071B402-D5BB-4775-AD97-E103A36EFB6D}.Release|Any CPU.Build.0 = Release|Any CPU
		{6E2A9B1B-DE0A-4C20-910B-B993BB7477D4}.Debug|Any CPU.ActiveCfg = Debug|Any CPU
		{6E2A9B1B-DE0A-4C20-910B-B993BB7477D4}.Debug|Any CPU.Build.0 = Debug|Any CPU
		{6E2A9B1B-DE0A-4C20-910B-B993BB7477D4}.Release|Any CPU.ActiveCfg = Release|Any CPU
		{6E2A9B1B-DE0A-4C20-910B-B993BB7477D4}.Release|Any CPU.Build.0 = Release|Any CPU
	EndGlobalSection
	GlobalSection(SolutionProperties) = preSolution
		HideSolutionNode = FALSE
	EndGlobalSection
	GlobalSection(ExtensibilityGlobals) = postSolution
		SolutionGuid = {4D5AE8F9-C627-4013-A97E-47F41C6A0A53}
	EndGlobalSection
EndGlobal
